
Microsoft Visual Studio Solution File, Format Version 12.00
# Visual Studio Version 17
VisualStudioVersion = 17.9.34616.47
MinimumVisualStudioVersion = 10.0.40219.1
Project("{00D1A9C2-B5F0-4AF3-8072-F6C62B433612}") = "Adv_db_dep", "Adv_db_dep.sqlproj", "{F1125C7F-2AB9-4967-BEAE-77C8504EA82B}"
EndProject
Global
	GlobalSection(SolutionConfigurationPlatforms) = preSolution
		Debug|Any CPU = Debug|Any CPU
		Release|Any CPU = Release|Any CPU
	EndGlobalSection
	GlobalSection(ProjectConfigurationPlatforms) = postSolution
		{F1125C7F-2AB9-4967-BEAE-77C8504EA82B}.Debug|Any CPU.ActiveCfg = Debug|Any CPU
		{F1125C7F-2AB9-4967-BEAE-77C8504EA82B}.Debug|Any CPU.Build.0 = Debug|Any CPU
		{F1125C7F-2AB9-4967-BEAE-77C8504EA82B}.Debug|Any CPU.Deploy.0 = Debug|Any CPU
		{F1125C7F-2AB9-4967-BEAE-77C8504EA82B}.Release|Any CPU.ActiveCfg = Release|Any CPU
		{F1125C7F-2AB9-4967-BEAE-77C8504EA82B}.Release|Any CPU.Build.0 = Release|Any CPU
		{F1125C7F-2AB9-4967-BEAE-77C8504EA82B}.Release|Any CPU.Deploy.0 = Release|Any CPU
	EndGlobalSection
	GlobalSection(SolutionProperties) = preSolution
		HideSolutionNode = FALSE
	EndGlobalSection
	GlobalSection(ExtensibilityGlobals) = postSolution
		SolutionGuid = {A9128330-B3E9-49E0-942F-B43CA08769FE}
	EndGlobalSection
EndGlobal
